
Microsoft Visual Studio Solution File, Format Version 12.00
# Visual Studio Version 16
VisualStudioVersion = 16.0.28922.388
MinimumVisualStudioVersion = 10.0.40219.1
Project("{FAE04EC0-301F-11D3-BF4B-00C04F79EFBC}") = "libicsneocsharp-example", "libicsneocsharp-example.csproj", "{391FCF02-39BB-4C81-AE99-6785A7EA13A1}"
EndProject
Global
	GlobalSection(SolutionConfigurationPlatforms) = preSolution
		Debug|Any CPU = Debug|Any CPU
		Release|Any CPU = Release|Any CPU
	EndGlobalSection
	GlobalSection(ProjectConfigurationPlatforms) = postSolution
		{391FCF02-39BB-4C81-AE99-6785A7EA13A1}.Debug|Any CPU.ActiveCfg = Debug|Any CPU
		{391FCF02-39BB-4C81-AE99-6785A7EA13A1}.Debug|Any CPU.Build.0 = Debug|Any CPU
		{391FCF02-39BB-4C81-AE99-6785A7EA13A1}.Release|Any CPU.ActiveCfg = Release|Any CPU
		{391FCF02-39BB-4C81-AE99-6785A7EA13A1}.Release|Any CPU.Build.0 = Release|Any CPU
	EndGlobalSection
	GlobalSection(SolutionProperties) = preSolution
		HideSolutionNode = FALSE
	EndGlobalSection
	GlobalSection(ExtensibilityGlobals) = postSolution
		SolutionGuid = {9610ED61-57FA-46BD-A071-DC7DB7BAC3A9}
	EndGlobalSection
EndGlobal
